
Microsoft Visual Studio Solution File, Format Version 12.00
# Visual Studio Version 16
VisualStudioVersion = 16.0.31112.23
MinimumVisualStudioVersion = 10.0.40219.1
Project("{FAE04EC0-301F-11D3-BF4B-00C04F79EFBC}") = "Phalion", "Phalion.csproj", "{02CA8B9A-6AF2-4D2B-A454-7D38A2F234DA}"
EndProject
Global
	GlobalSection(SolutionConfigurationPlatforms) = preSolution
		Debug|Any CPU = Debug|Any CPU
		Release|Any CPU = Release|Any CPU
	EndGlobalSection
	GlobalSection(ProjectConfigurationPlatforms) = postSolution
		{02CA8B9A-6AF2-4D2B-A454-7D38A2F234DA}.Debug|Any CPU.ActiveCfg = Debug|Any CPU
		{02CA8B9A-6AF2-4D2B-A454-7D38A2F234DA}.Debug|Any CPU.Build.0 = Debug|Any CPU
		{02CA8B9A-6AF2-4D2B-A454-7D38A2F234DA}.Release|Any CPU.ActiveCfg = Release|Any CPU
		{02CA8B9A-6AF2-4D2B-A454-7D38A2F234DA}.Release|Any CPU.Build.0 = Release|Any CPU
	EndGlobalSection
	GlobalSection(SolutionProperties) = preSolution
		HideSolutionNode = FALSE
	EndGlobalSection
	GlobalSection(ExtensibilityGlobals) = postSolution
		SolutionGuid = {AC245200-315E-42E8-903C-101CA682F059}
	EndGlobalSection
EndGlobal
